<?xml version="1.0" encoding="utf-8"?>
<Project ToolsVersion="4.0" xmlns="http://schemas.microsoft.com/developer/msbuild/2003">
  <ItemGroup>
    <Filter Include="Source Files">
      <UniqueIdentifier>{4FC737F1-C7A5-4376-A066-2A32D752A2FF}</UniqueIdentifier>
      <Extensions>cpp;c;cc;cxx;c++;cppm;ixx;def;odl;idl;hpj;bat;asm;asmx</Extensions>
    </Filter>
    <Filter Include="Resource Files">
      <UniqueIdentifier>{67DA6AB6-F800-4c08-8B7A-83BB121AAD01}</UniqueIdentifier>
      <Extensions>rc;ico;cur;bmp;dlg;rc2;rct;bin;rgs;gif;jpg;jpeg;jpe;resx;tiff;tif;png;wav;mfcribbon-ms</Extensions>
    </Filter>
    <Filter Include="Primitives">
      <UniqueIdentifier>{93995380-89BD-4b04-88EB-625FBE52EBFB}</UniqueIdentifier>
      <Extensions>h;hh;hpp;hxx;h++;hm;inl;inc;ipp;xsd</Extensions>
    </Filter>
    <Filter Include="Problem">
      <UniqueIdentifier>{112af498-af38-4abf-bcd3-45f5e3ae8a32}</UniqueIdentifier>
    </Filter>
    <Filter Include="Input">
      <UniqueIdentifier>{9635002e-2be7-4876-961c-12fc4cdb986b}</UniqueIdentifier>
    </Filter>
  </ItemGroup>
  <ItemGroup>
    <ClCompile Include="CAD_DSA.cpp">
      <Filter>Source Files</Filter>
    </ClCompile>
    <ClCompile Include="Problem\ProblemFactory.cpp">
      <Filter>Problem</Filter>
    </ClCompile>
  </ItemGroup>
  <ItemGroup>
    <ClInclude Include="Problem\FillingPolygon.h">
      <Filter>Problem</Filter>
    </ClInclude>
    <ClInclude Include="Primitives\Constants.h">
      <Filter>Primitives</Filter>
    </ClInclude>
    <ClInclude Include="Primitives\Loop.h">
      <Filter>Primitives</Filter>
    </ClInclude>
    <ClInclude Include="Primitives\Part.h">
      <Filter>Primitives</Filter>
    </ClInclude>
    <ClInclude Include="Primitives\Point2D.h">
      <Filter>Primitives</Filter>
    </ClInclude>
    <ClInclude Include="Primitives\Rect.h">
      <Filter>Primitives</Filter>
    </ClInclude>
    <ClInclude Include="Primitives\LoopDirection.h">
      <Filter>Primitives</Filter>
    </ClInclude>
    <ClInclude Include="Problem\PlacementOfGuardProblem.h">
      <Filter>Problem</Filter>
    </ClInclude>
    <ClInclude Include="Problem\MazeSolver.h">
      <Filter>Problem</Filter>
    </ClInclude>
    <ClInclude Include="Problem\IProblem.h">
      <Filter>Problem</Filter>
    </ClInclude>
    <ClInclude Include="Problem\ProblemType.h">
      <Filter>Problem</Filter>
    </ClInclude>
    <ClInclude Include="Problem\ProblemFactory.h">
      <Filter>Problem</Filter>
    </ClInclude>
    <ClInclude Include="Problem\PartReader.h">
      <Filter>Problem</Filter>
    </ClInclude>
    <ClInclude Include="Primitives\Utility.h">
      <Filter>Primitives</Filter>
    </ClInclude>
    <ClInclude Include="Primitives\OrientationType.h">
      <Filter>Primitives</Filter>
    </ClInclude>
  </ItemGroup>
  <ItemGroup>
    <Text Include="Input\FillingPolygon.txt">
      <Filter>Input</Filter>
    </Text>
    <Text Include="Input\MazeSolver.txt">
      <Filter>Input</Filter>
    </Text>
    <Text Include="Input\PlacementOfGuardProblem.txt">
      <Filter>Input</Filter>
    </Text>
  </ItemGroup>
</Project>